// !$*UTF8*$!
{
	archiveVersion = 1;
	classes = {
	};
	objectVersion = 48;
	objects = {

/* Begin PBXBuildFile section */
		43ABF29A1F7CC58200396E69 /* AppDelegate.swift in Sources */ = {isa = PBXBuildFile; fileRef = 43ABF2991F7CC58200396E69 /* AppDelegate.swift */; };
		43ABF29C1F7CC58200396E69 /* ViewController.swift in Sources */ = {isa = PBXBuildFile; fileRef = 43ABF29B1F7CC58200396E69 /* ViewController.swift */; };
		43ABF29F1F7CC58200396E69 /* Main.storyboard in Resources */ = {isa = PBXBuildFile; fileRef = 43ABF29D1F7CC58200396E69 /* Main.storyboard */; };
		43ABF2A11F7CC58200396E69 /* Assets.xcassets in Resources */ = {isa = PBXBuildFile; fileRef = 43ABF2A01F7CC58200396E69 /* Assets.xcassets */; };
		43ABF2A41F7CC58200396E69 /* LaunchScreen.storyboard in Resources */ = {isa = PBXBuildFile; fileRef = 43ABF2A21F7CC58200396E69 /* LaunchScreen.storyboard */; };
/* End PBXBuildFile section */

/* Begin PBXFileReference section */
		43ABF2961F7CC58200396E69 /* Vow Passenger.app */ = {isa = PBXFileReference; explicitFileType = wrapper.application; includeInIndex = 0; path = "Vow Passenger.app"; sourceTree = BUILT_PRODUCTS_DIR; };
		43ABF2991F7CC58200396E69 /* AppDelegate.swift */ = {isa = PBXFileReference; lastKnownFileType = sourcecode.swift; path = AppDelegate.swift; sourceTree = "<group>"; };
		43ABF29B1F7CC58200396E69 /* ViewController.swift */ = {isa = PBXFileReference; lastKnownFileType = sourcecode.swift; path = ViewController.swift; sourceTree = "<group>"; };
		43ABF29E1F7CC58200396E69 /* Base */ = {isa = PBXFileReference; lastKnownFileType = file.storyboard; name = Base; path = Base.lproj/Main.storyboard; sourceTree = "<group>"; };
		43ABF2A01F7CC58200396E69 /* Assets.xcassets */ = {isa = PBXFileReference; lastKnownFileType = folder.assetcatalog; path = Assets.xcassets; sourceTree = "<group>"; };
		43ABF2A31F7CC58200396E69 /* Base */ = {isa = PBXFileReference; lastKnownFileType = file.storyboard; name = Base; path = Base.lproj/LaunchScreen.storyboard; sourceTree = "<group>"; };
		43ABF2A51F7CC58200396E69 /* Info.plist */ = {isa = PBXFileReference; lastKnownFileType = text.plist.xml; path = Info.plist; sourceTree = "<group>"; };
/* End PBXFileReference section */

/* Begin PBXFrameworksBuildPhase section */
		43ABF2931F7CC58200396E69 /* Frameworks */ = {
			isa = PBXFrameworksBuildPhase;
			buildActionMask = 2147483647;
			files = (
			);
			runOnlyForDeploymentPostprocessing = 0;
		};
/* End PBXFrameworksBuildPhase section */

/* Begin PBXGroup section */
		43ABF28D1F7CC58200396E69 = {
			isa = PBXGroup;
			children = (
				43ABF2981F7CC58200396E69 /* Vow Passenger */,
				43ABF2971F7CC58200396E69 /* Products */,
			);
			sourceTree = "<group>";
		};
		43ABF2971F7CC58200396E69 /* Products */ = {
			isa = PBXGroup;
			children = (
				43ABF2961F7CC58200396E69 /* Vow Passenger.app */,
			);
			name = Products;
			sourceTree = "<group>";
		};
		43ABF2981F7CC58200396E69 /* Vow Passenger */ = {
			isa = PBXGroup;
			children = (
				43ABF2991F7CC58200396E69 /* AppDelegate.swift */,
				43ABF29B1F7CC58200396E69 /* ViewController.swift */,
				43ABF29D1F7CC58200396E69 /* Main.storyboard */,
				43ABF2A01F7CC58200396E69 /* Assets.xcassets */,
				43ABF2A21F7CC58200396E69 /* LaunchScreen.storyboard */,
				43ABF2A51F7CC58200396E69 /* Info.plist */,
			);
			path = "Vow Passenger";
			sourceTree = "<group>";
		};
/* End PBXGroup section */

/* Begin PBXNativeTarget section */
		43ABF2951F7CC58200396E69 /* Vow Passenger */ = {
			isa = PBXNativeTarget;
			buildConfigurationList = 43ABF2A81F7CC58200396E69 /* Build configuration list for PBXNativeTarget "Vow Passenger" */;
			buildPhases = (
				43ABF2921F7CC58200396E69 /* Sources */,
				43ABF2931F7CC58200396E69 /* Frameworks */,
				43ABF2941F7CC58200396E69 /* Resources */,
			);
			buildRules = (
			);
			dependencies = (
			);
			name = "Vow Passenger";
			productName = "Vow Passenger";
			productReference = 43ABF2961F7CC58200396E69 /* Vow Passenger.app */;
			productType = "com.apple.product-type.application";
		};
/* End PBXNativeTarget section */

/* Begin PBXProject section */
		43ABF28E1F7CC58200396E69 /* Project object */ = {
			isa = PBXProject;
			attributes = {
				LastSwiftUpdateCheck = 0900;
				LastUpgradeCheck = 0900;
				ORGANIZATIONNAME = Innate;
				TargetAttributes = {
					43ABF2951F7CC58200396E69 = {
						CreatedOnToolsVersion = 9.0;
						ProvisioningStyle = Automatic;
					};
				};
			};
			buildConfigurationList = 43ABF2911F7CC58200396E69 /* Build configuration list for PBXProject "Vow Passenger" */;
			compatibilityVersion = "Xcode 8.0";
			developmentRegion = en;
			hasScannedForEncodings = 0;
			knownRegions = (
				en,
				Base,
			);
			mainGroup = 43ABF28D1F7CC58200396E69;
			productRefGroup = 43ABF2971F7CC58200396E69 /* Products */;
			projectDirPath = "";
			projectRoot = "";
			targets = (
				43ABF2951F7CC58200396E69 /* Vow Passenger */,
			);
		};
/* End PBXProject section */

/* Begin PBXResourcesBuildPhase section */
		43ABF2941F7CC58200396E69 /* Resources */ = {
			isa = PBXResourcesBuildPhase;
			buildActionMask = 2147483647;
			files = (
				43ABF2A41F7CC58200396E69 /* LaunchScreen.storyboard in Resources */,
				43ABF2A11F7CC58200396E69 /* Assets.xcassets in Resources */,
				43ABF29F1F7CC58200396E69 /* Main.storyboard in Resources */,
			);
			runOnlyForDeploymentPostprocessing = 0;
		};
/* End PBXResourcesBuildPhase section */

/* Begin PBXSourcesBuildPhase section */
		43ABF2921F7CC58200396E69 /* Sources */ = {
			isa = PBXSourcesBuildPhase;
			buildActionMask = 2147483647;
			files = (
				43ABF29C1F7CC58200396E69 /* ViewController.swift in Sources */,
				43ABF29A1F7CC58200396E69 /* AppDelegate.swift in Sources */,
			);
			runOnlyForDeploymentPostprocessing = 0;
		};
/* End PBXSourcesBuildPhase section */

/* Begin PBXVariantGroup section */
		43ABF29D1F7CC58200396E69 /* Main.storyboard */ = {
			isa = PBXVariantGroup;
			children = (
				43ABF29E1F7CC58200396E69 /* Base */,
			);
			name = Main.storyboard;
			sourceTree = "<group>";
		};
		43ABF2A21F7CC58200396E69 /* LaunchScreen.storyboard */ = {
			isa = PBXVariantGroup;
			children = (
				43ABF2A31F7CC58200396E69 /* Base */,
			);
			name = LaunchScreen.storyboard;
			sourceTree = "<group>";
		};
/* End PBXVariantGroup section */

/* Begin XCBuildConfiguration section */
		43ABF2A61F7CC58200396E69 /* Debug */ = {
			isa = XCBuildConfiguration;
			buildSettings = {
				ALWAYS_SEARCH_USER_PATHS = NO;
				CLANG_ANALYZER_NONNULL = YES;
				CLANG_ANALYZER_NUMBER_OBJECT_CONVERSION = YES_AGGRESSIVE;
				CLANG_CXX_LANGUAGE_STANDARD = "gnu++14";
				CLANG_CXX_LIBRARY = "libc++";
				CLANG_ENABLE_MODULES = YES;
				CLANG_ENABLE_OBJC_ARC = YES;
				CLANG_WARN_BLOCK_CAPTURE_AUTORELEASING = YES;
				CLANG_WARN_BOOL_CONVERSION = YES;
				CLANG_WARN_COMMA = YES;
				CLANG_WARN_CONSTANT_CONVERSION = YES;
				CLANG_WARN_DIRECT_OBJC_ISA_USAGE = YES_ERROR;
				CLANG_WARN_DOCUMENTATION_COMMENTS = YES;
				CLANG_WARN_EMPTY_BODY = YES;
				CLANG_WARN_ENUM_CONVERSION = YES;
				CLANG_WARN_INFINITE_RECURSION = YES;
				CLANG_WARN_INT_CONVERSION = YES;
				CLANG_WARN_NON_LITERAL_NULL_CONVERSION = YES;
				CLANG_WARN_OBJC_LITERAL_CONVERSION = YES;
				CLANG_WARN_OBJC_ROOT_CLASS = YES_ERROR;
				CLANG_WARN_RANGE_LOOP_ANALYSIS = YES;
				CLANG_WARN_STRICT_PROTOTYPES = YES;
				CLANG_WARN_SUSPICIOUS_MOVE = YES;
				CLANG_WARN_UNGUARDED_AVAILABILITY = YES_AGGRESSIVE;
				CLANG_WARN_UNREACHABLE_CODE = YES;
				CLANG_WARN__DUPLICATE_METHOD_MATCH = YES;
				CODE_SIGN_IDENTITY = "iPhone Developer";
				COPY_PHASE_STRIP = NO;
				DEBUG_INFORMATION_FORMAT = dwarf;
				ENABLE_STRICT_OBJC_MSGSEND = YES;
				ENABLE_TESTABILITY = YES;
				GCC_C_LANGUAGE_STANDARD = gnu11;
				GCC_DYNAMIC_NO_PIC = NO;
				GCC_NO_COMMON_BLOCKS = YES;
				GCC_OPTIMIZATION_LEVEL = 0;
				GCC_PREPROCESSOR_DEFINITIONS = (
					"DEBUG=1",
					"$(inherited)",
				);
				GCC_WARN_64_TO_32_BIT_CONVERSION = YES;
				GCC_WARN_ABOUT_RETURN_TYPE = YES_ERROR;
				GCC_WARN_UNDECLARED_SELECTOR = YES;
				GCC_WARN_UNINITIALIZED_AUTOS = YES_AGGRESSIVE;
				GCC_WARN_UNUSED_FUNCTION = YES;
				GCC_WARN_UNUSED_VARIABLE = YES;
				IPHONEOS_DEPLOYMENT_TARGET = 11.0;
				MTL_ENABLE_DEBUG_INFO = YES;
				ONLY_ACTIVE_ARCH = YES;
				SDKROOT = iphoneos;
				SWIFT_ACTIVE_COMPILATION_CONDITIONS = DEBUG;
				SWIFT_OPTIMIZATION_LEVEL = "-Onone";
			};
			name = Debug;
		};
		43ABF2A71F7CC58200396E69 /* Release */ = {
			isa = XCBuildConfiguration;
			buildSettings = {
				ALWAYS_SEARCH_USER_PATHS = NO;
				CLANG_ANALYZER_NONNULL = YES;
				CLANG_ANALYZER_NUMBER_OBJECT_CONVERSION = YES_AGGRESSIVE;
				CLANG_CXX_LANGUAGE_STANDARD = "gnu++14";
				CLANG_CXX_LIBRARY = "libc++";
				CLANG_ENABLE_MODULES = YES;
				CLANG_ENABLE_OBJC_ARC = YES;
				CLANG_WARN_BLOCK_CAPTURE_AUTORELEASING = YES;
				CLANG_WARN_BOOL_CONVERSION = YES;
				CLANG_WARN_COMMA = YES;
				CLANG_WARN_CONSTANT_CONVERSION = YES;
				CLANG_WARN_DIRECT_OBJC_ISA_USAGE = YES_ERROR;
				CLANG_WARN_DOCUMENTATION_COMMENTS = YES;
				CLANG_WARN_EMPTY_BODY = YES;
				CLANG_WARN_ENUM_CONVERSION = YES;
				CLANG_WARN_INFINITE_RECURSION = YES;
				CLANG_WARN_INT_CONVERSION = YES;
				CLANG_WARN_NON_LITERAL_NULL_CONVERSION = YES;
				CLANG_WARN_OBJC_LITERAL_CONVERSION = YES;
				CLANG_WARN_OBJC_ROOT_CLASS = YES_ERROR;
				CLANG_WARN_RANGE_LOOP_ANALYSIS = YES;
				CLANG_WARN_STRICT_PROTOTYPES = YES;
				CLANG_WARN_SUSPICIOUS_MOVE = YES;
				CLANG_WARN_UNGUARDED_AVAILABILITY = YES_AGGRESSIVE;
				CLANG_WARN_UNREACHABLE_CODE = YES;
				CLANG_WARN__DUPLICATE_METHOD_MATCH = YES;
				CODE_SIGN_IDENTITY = "iPhone Developer";
				COPY_PHASE_STRIP = NO;
				DEBUG_INFORMATION_FORMAT = "dwarf-with-dsym";
				ENABLE_NS_ASSERTIONS = NO;
				ENABLE_STRICT_OBJC_MSGSEND = YES;
				GCC_C_LANGUAGE_STANDARD = gnu11;
				GCC_NO_COMMON_BLOCKS = YES;
				GCC_WARN_64_TO_32_BIT_CONVERSION = YES;
				GCC_WARN_ABOUT_RETURN_TYPE = YES_ERROR;
				GCC_WARN_UNDECLARED_SELECTOR = YES;
				GCC_WARN_UNINITIALIZED_AUTOS = YES_AGGRESSIVE;
				GCC_WARN_UNUSED_FUNCTION = YES;
				GCC_WARN_UNUSED_VARIABLE = YES;
				IPHONEOS_DEPLOYMENT_TARGET = 11.0;
				MTL_ENABLE_DEBUG_INFO = NO;
				SDKROOT = iphoneos;
				SWIFT_OPTIMIZATION_LEVEL = "-Owholemodule";
				VALIDATE_PRODUCT = YES;
			};
			name = Release;
		};
		43ABF2A91F7CC58200396E69 /* Debug */ = {
			isa = XCBuildConfiguration;
			buildSettings = {
				ASSETCATALOG_COMPILER_APPICON_NAME = AppIcon;
				CODE_SIGN_STYLE = Automatic;
				INFOPLIST_FILE = "Vow Passenger/Info.plist";
				LD_RUNPATH_SEARCH_PATHS = "$(inherited) @executable_path/Frameworks";
				PRODUCT_BUNDLE_IDENTIFIER = "com.Innate.Vow-Passenger";
				PRODUCT_NAME = "$(TARGET_NAME)";
				SWIFT_VERSION = 4.0;
				TARGETED_DEVICE_FAMILY = "1,2";
			};
			name = Debug;
		};
		43ABF2AA1F7CC58200396E69 /* Release */ = {
			isa = XCBuildConfiguration;
			buildSettings = {
				ASSETCATALOG_COMPILER_APPICON_NAME = AppIcon;
				CODE_SIGN_STYLE = Automatic;
				INFOPLIST_FILE = "Vow Passenger/Info.plist";
				LD_RUNPATH_SEARCH_PATHS = "$(inherited) @executable_path/Frameworks";
				PRODUCT_BUNDLE_IDENTIFIER = "com.Innate.Vow-Passenger";
				PRODUCT_NAME = "$(TARGET_NAME)";
				SWIFT_VERSION = 4.0;
				TARGETED_DEVICE_FAMILY = "1,2";
			};
			name = Release;
		};
/* End XCBuildConfiguration section */

/* Begin XCConfigurationList section */
		43ABF2911F7CC58200396E69 /* Build configuration list for PBXProject "Vow Passenger" */ = {
			isa = XCConfigurationList;
			buildConfigurations = (
				43ABF2A61F7CC58200396E69 /* Debug */,
				43ABF2A71F7CC58200396E69 /* Release */,
			);
			defaultConfigurationIsVisible = 0;
			defaultConfigurationName = Release;
		};
		43ABF2A81F7CC58200396E69 /* Build configuration list for PBXNativeTarget "Vow Passenger" */ = {
			isa = XCConfigurationList;
			buildConfigurations = (
				43ABF2A91F7CC58200396E69 /* Debug */,
				43ABF2AA1F7CC58200396E69 /* Release */,
			);
			defaultConfigurationIsVisible = 0;
			defaultConfigurationName = Release;
		};
/* End XCConfigurationList section */
	};
	rootObject = 43ABF28E1F7CC58200396E69 /* Project object */;
}
